
Microsoft Visual Studio Solution File, Format Version 12.00
# Visual Studio Version 17
VisualStudioVersion = 17.6.33829.357
MinimumVisualStudioVersion = 10.0.40219.1
Project("{888888A0-9F3D-457C-B088-3A5042F75D52}") = "Chapter27", "Chapter27\Chapter27.pyproj", "{4192938D-638D-4684-B8B6-42805AF14033}"
EndProject
Global
	GlobalSection(SolutionConfigurationPlatforms) = preSolution
		Debug|Any CPU = Debug|Any CPU
		Release|Any CPU = Release|Any CPU
	EndGlobalSection
	GlobalSection(ProjectConfigurationPlatforms) = postSolution
		{4192938D-638D-4684-B8B6-42805AF14033}.Debug|Any CPU.ActiveCfg = Debug|Any CPU
		{4192938D-638D-4684-B8B6-42805AF14033}.Release|Any CPU.ActiveCfg = Release|Any CPU
	EndGlobalSection
	GlobalSection(SolutionProperties) = preSolution
		HideSolutionNode = FALSE
	EndGlobalSection
	GlobalSection(ExtensibilityGlobals) = postSolution
		SolutionGuid = {7B44EECC-6D9C-4E16-B598-F3619DF971F7}
	EndGlobalSection
EndGlobal
